
Microsoft Visual Studio Solution File, Format Version 10.00
# Visual C# Express 2008
Project("{FAE04EC0-301F-11D3-BF4B-00C04F79EFBC}") = "fez-trade-bot", "fez-trade-bot.csproj", "{A8515993-354E-4DAD-AC5F-955399A47715}"
EndProject
Project("{FAE04EC0-301F-11D3-BF4B-00C04F79EFBC}") = "test", "test\test.csproj", "{6DF9D572-A4E6-4C22-A7E8-27443F809573}"
	ProjectSection(ProjectDependencies) = postProject
		{A8515993-354E-4DAD-AC5F-955399A47715} = {A8515993-354E-4DAD-AC5F-955399A47715}
	EndProjectSection
EndProject
Global
	GlobalSection(SolutionConfigurationPlatforms) = preSolution
		Debug|Any CPU = Debug|Any CPU
		Release|Any CPU = Release|Any CPU
	EndGlobalSection
	GlobalSection(ProjectConfigurationPlatforms) = postSolution
		{A8515993-354E-4DAD-AC5F-955399A47715}.Debug|Any CPU.ActiveCfg = Debug|Any CPU
		{A8515993-354E-4DAD-AC5F-955399A47715}.Debug|Any CPU.Build.0 = Debug|Any CPU
		{A8515993-354E-4DAD-AC5F-955399A47715}.Release|Any CPU.ActiveCfg = Release|Any CPU
		{A8515993-354E-4DAD-AC5F-955399A47715}.Release|Any CPU.Build.0 = Release|Any CPU
		{6DF9D572-A4E6-4C22-A7E8-27443F809573}.Debug|Any CPU.ActiveCfg = Debug|Any CPU
		{6DF9D572-A4E6-4C22-A7E8-27443F809573}.Debug|Any CPU.Build.0 = Debug|Any CPU
		{6DF9D572-A4E6-4C22-A7E8-27443F809573}.Release|Any CPU.ActiveCfg = Release|Any CPU
		{6DF9D572-A4E6-4C22-A7E8-27443F809573}.Release|Any CPU.Build.0 = Release|Any CPU
	EndGlobalSection
	GlobalSection(SolutionProperties) = preSolution
		HideSolutionNode = FALSE
	EndGlobalSection
EndGlobal
