
Microsoft Visual Studio Solution File, Format Version 11.00
# Visual C# Express 2010
Project("{FAE04EC0-301F-11D3-BF4B-00C04F79EFBC}") = "test", "test\test.csproj", "{6DF9D572-A4E6-4C22-A7E8-27443F809573}"
	ProjectSection(ProjectDependencies) = postProject
		{A8515993-354E-4DAD-AC5F-955399A47715} = {A8515993-354E-4DAD-AC5F-955399A47715}
		{34FB41E0-A2E3-44E5-8192-2EBF23207574} = {34FB41E0-A2E3-44E5-8192-2EBF23207574}
	EndProjectSection
EndProject
Project("{FAE04EC0-301F-11D3-BF4B-00C04F79EFBC}") = "clear_virtual_keyboard_state", "clear_virtual_keyboard_state\clear_virtual_keyboard_state.csproj", "{C8273BEB-3FE1-4128-A9C4-42DC5B788829}"
EndProject
Project("{FAE04EC0-301F-11D3-BF4B-00C04F79EFBC}") = "common", "common\common.csproj", "{34FB41E0-A2E3-44E5-8192-2EBF23207574}"
EndProject
Project("{FAE04EC0-301F-11D3-BF4B-00C04F79EFBC}") = "hunt-bot", "hunt-bot\hunt-bot.csproj", "{E0BC7722-D663-43D1-9FEC-23BE9354DF31}"
EndProject
Project("{FAE04EC0-301F-11D3-BF4B-00C04F79EFBC}") = "trade-bot", "trade-bot\trade-bot.csproj", "{A8515993-354E-4DAD-AC5F-955399A47715}"
EndProject
Global
	GlobalSection(SolutionConfigurationPlatforms) = preSolution
		Debug|Any CPU = Debug|Any CPU
		Release|Any CPU = Release|Any CPU
	EndGlobalSection
	GlobalSection(ProjectConfigurationPlatforms) = postSolution
		{6DF9D572-A4E6-4C22-A7E8-27443F809573}.Debug|Any CPU.ActiveCfg = Debug|Any CPU
		{6DF9D572-A4E6-4C22-A7E8-27443F809573}.Debug|Any CPU.Build.0 = Debug|Any CPU
		{6DF9D572-A4E6-4C22-A7E8-27443F809573}.Release|Any CPU.ActiveCfg = Release|Any CPU
		{6DF9D572-A4E6-4C22-A7E8-27443F809573}.Release|Any CPU.Build.0 = Release|Any CPU
		{C8273BEB-3FE1-4128-A9C4-42DC5B788829}.Debug|Any CPU.ActiveCfg = Debug|Any CPU
		{C8273BEB-3FE1-4128-A9C4-42DC5B788829}.Debug|Any CPU.Build.0 = Debug|Any CPU
		{C8273BEB-3FE1-4128-A9C4-42DC5B788829}.Release|Any CPU.ActiveCfg = Release|Any CPU
		{C8273BEB-3FE1-4128-A9C4-42DC5B788829}.Release|Any CPU.Build.0 = Release|Any CPU
		{34FB41E0-A2E3-44E5-8192-2EBF23207574}.Debug|Any CPU.ActiveCfg = Debug|Any CPU
		{34FB41E0-A2E3-44E5-8192-2EBF23207574}.Debug|Any CPU.Build.0 = Debug|Any CPU
		{34FB41E0-A2E3-44E5-8192-2EBF23207574}.Release|Any CPU.ActiveCfg = Release|Any CPU
		{34FB41E0-A2E3-44E5-8192-2EBF23207574}.Release|Any CPU.Build.0 = Release|Any CPU
		{E0BC7722-D663-43D1-9FEC-23BE9354DF31}.Debug|Any CPU.ActiveCfg = Debug|Any CPU
		{E0BC7722-D663-43D1-9FEC-23BE9354DF31}.Debug|Any CPU.Build.0 = Debug|Any CPU
		{E0BC7722-D663-43D1-9FEC-23BE9354DF31}.Release|Any CPU.ActiveCfg = Release|Any CPU
		{E0BC7722-D663-43D1-9FEC-23BE9354DF31}.Release|Any CPU.Build.0 = Release|Any CPU
		{A8515993-354E-4DAD-AC5F-955399A47715}.Debug|Any CPU.ActiveCfg = Debug|Any CPU
		{A8515993-354E-4DAD-AC5F-955399A47715}.Debug|Any CPU.Build.0 = Debug|Any CPU
		{A8515993-354E-4DAD-AC5F-955399A47715}.Release|Any CPU.ActiveCfg = Release|Any CPU
		{A8515993-354E-4DAD-AC5F-955399A47715}.Release|Any CPU.Build.0 = Release|Any CPU
	EndGlobalSection
	GlobalSection(SolutionProperties) = preSolution
		HideSolutionNode = FALSE
	EndGlobalSection
EndGlobal
